
Microsoft Visual Studio Solution File, Format Version 12.00
# Visual Studio Version 17
VisualStudioVersion = 17.4.33110.190
MinimumVisualStudioVersion = 10.0.40219.1
Project("{FAE04EC0-301F-11D3-BF4B-00C04F79EFBC}") = "UC2_Snakes", "UC2_Snakes.csproj", "{5CCB7BFE-7D85-403A-B5BD-8055BBF316BE}"
EndProject
Global
	GlobalSection(SolutionConfigurationPlatforms) = preSolution
		Debug|Any CPU = Debug|Any CPU
		Release|Any CPU = Release|Any CPU
	EndGlobalSection
	GlobalSection(ProjectConfigurationPlatforms) = postSolution
		{5CCB7BFE-7D85-403A-B5BD-8055BBF316BE}.Debug|Any CPU.ActiveCfg = Debug|Any CPU
		{5CCB7BFE-7D85-403A-B5BD-8055BBF316BE}.Debug|Any CPU.Build.0 = Debug|Any CPU
		{5CCB7BFE-7D85-403A-B5BD-8055BBF316BE}.Release|Any CPU.ActiveCfg = Release|Any CPU
		{5CCB7BFE-7D85-403A-B5BD-8055BBF316BE}.Release|Any CPU.Build.0 = Release|Any CPU
	EndGlobalSection
	GlobalSection(SolutionProperties) = preSolution
		HideSolutionNode = FALSE
	EndGlobalSection
	GlobalSection(ExtensibilityGlobals) = postSolution
		SolutionGuid = {4F0955E0-924E-4878-9E49-7CC29E354542}
	EndGlobalSection
EndGlobal
